<?xml version="1.0" encoding="utf-8"?>
<Project ToolsVersion="4.0" xmlns="http://schemas.microsoft.com/developer/msbuild/2003">
  <ItemGroup>
    <Filter Include="Source Files">
      <UniqueIdentifier>{4FC737F1-C7A5-4376-A066-2A32D752A2FF}</UniqueIdentifier>
      <Extensions>cpp;c;cc;cxx;c++;cppm;ixx;def;odl;idl;hpj;bat;asm;asmx</Extensions>
    </Filter>
    <Filter Include="Header Files">
      <UniqueIdentifier>{93995380-89BD-4b04-88EB-625FBE52EBFB}</UniqueIdentifier>
      <Extensions>h;hh;hpp;hxx;h++;hm;inl;inc;ipp;xsd</Extensions>
    </Filter>
    <Filter Include="Resource Files">
      <UniqueIdentifier>{67DA6AB6-F800-4c08-8B7A-83BB121AAD01}</UniqueIdentifier>
      <Extensions>rc;ico;cur;bmp;dlg;rc2;rct;bin;rgs;gif;jpg;jpeg;jpe;resx;tiff;tif;png;wav;mfcribbon-ms</Extensions>
    </Filter>
    <Filter Include="Utility">
      <UniqueIdentifier>{1f6708ac-ded4-4e40-9d35-e75f58bc4b2d}</UniqueIdentifier>
    </Filter>
    <Filter Include="ImGui Files">
      <UniqueIdentifier>{084069f8-5496-40ca-9af2-9e5b71e3a501}</UniqueIdentifier>
    </Filter>
  </ItemGroup>
  <ItemGroup>
    <ClCompile Include="Game.cpp">
      <Filter>Source Files</Filter>
    </ClCompile>
    <ClCompile Include="Simulation.cpp">
      <Filter>Source Files</Filter>
    </ClCompile>
    <ClCompile Include="GameObject.cpp">
      <Filter>Source Files</Filter>
    </ClCompile>
    <ClCompile Include="Player.cpp">
      <Filter>Source Files</Filter>
    </ClCompile>
    <ClCompile Include="Scene.cpp">
      <Filter>Source Files</Filter>
    </ClCompile>
    <ClCompile Include="DDSTextureLoader.cpp">
      <Filter>Utility</Filter>
    </ClCompile>
    <ClCompile Include="ConfigParser.cpp">
      <Filter>Utility</Filter>
    </ClCompile>
    <ClCompile Include="ModelLoader.cpp">
      <Filter>Utility</Filter>
    </ClCompile>
    <ClCompile Include="ShaderManager.cpp">
      <Filter>Utility</Filter>
    </ClCompile>
    <ClCompile Include="D3DFramework.cpp">
      <Filter>Source Files</Filter>
    </ClCompile>
    <ClCompile Include="Platform.cpp">
      <Filter>Source Files</Filter>
    </ClCompile>
    <ClCompile Include="Tree.cpp">
      <Filter>Source Files</Filter>
    </ClCompile>
    <ClCompile Include="Light.cpp">
      <Filter>Source Files</Filter>
    </ClCompile>
    <ClCompile Include="..\ImGui\imgui.cpp">
      <Filter>ImGui Files</Filter>
    </ClCompile>
    <ClCompile Include="..\ImGui\imgui_demo.cpp">
      <Filter>ImGui Files</Filter>
    </ClCompile>
    <ClCompile Include="..\ImGui\imgui_draw.cpp">
      <Filter>ImGui Files</Filter>
    </ClCompile>
    <ClCompile Include="..\ImGui\imgui_tables.cpp">
      <Filter>ImGui Files</Filter>
    </ClCompile>
    <ClCompile Include="..\ImGui\imgui_widgets.cpp">
      <Filter>ImGui Files</Filter>
    </ClCompile>
    <ClCompile Include="..\ImGui\backends\imgui_impl_dx11.cpp">
      <Filter>ImGui Files</Filter>
    </ClCompile>
    <ClCompile Include="..\ImGui\backends\imgui_impl_win32.cpp">
      <Filter>ImGui Files</Filter>
    </ClCompile>
    <ClCompile Include="Rain.cpp">
      <Filter>Source Files</Filter>
    </ClCompile>
    <ClCompile Include="Building.cpp">
      <Filter>Source Files</Filter>
    </ClCompile>
  </ItemGroup>
  <ItemGroup>
    <ClInclude Include="Game.h">
      <Filter>Header Files</Filter>
    </ClInclude>
    <ClInclude Include="Resource.h" />
    <ClInclude Include="Scene.h">
      <Filter>Header Files</Filter>
    </ClInclude>
    <ClInclude Include="GameObject.h">
      <Filter>Header Files</Filter>
    </ClInclude>
    <ClInclude Include="Player.h">
      <Filter>Header Files</Filter>
    </ClInclude>
    <ClInclude Include="DDSTextureLoader.h">
      <Filter>Utility</Filter>
    </ClInclude>
    <ClInclude Include="ShaderManager.h">
      <Filter>Utility</Filter>
    </ClInclude>
    <ClInclude Include="ModelLoader.h">
      <Filter>Utility</Filter>
    </ClInclude>
    <ClInclude Include="OBJModel.h">
      <Filter>Utility</Filter>
    </ClInclude>
    <ClInclude Include="ConfigParser.h">
      <Filter>Utility</Filter>
    </ClInclude>
    <ClInclude Include="D3DFramework.h">
      <Filter>Header Files</Filter>
    </ClInclude>
    <ClInclude Include="Platform.h">
      <Filter>Header Files</Filter>
    </ClInclude>
    <ClInclude Include="Tree.h">
      <Filter>Header Files</Filter>
    </ClInclude>
    <ClInclude Include="Light.h">
      <Filter>Header Files</Filter>
    </ClInclude>
    <ClInclude Include="Rain.h">
      <Filter>Header Files</Filter>
    </ClInclude>
    <ClInclude Include="Building.h">
      <Filter>Header Files</Filter>
    </ClInclude>
  </ItemGroup>
  <ItemGroup>
    <FxCompile Include="Simulation.fx">
      <Filter>Resource Files</Filter>
    </FxCompile>
    <FxCompile Include="Simulation_PS.hlsl">
      <Filter>Resource Files</Filter>
    </FxCompile>
    <FxCompile Include="Simulation_VS.hlsl">
      <Filter>Resource Files</Filter>
    </FxCompile>
    <FxCompile Include="Player.fx">
      <Filter>Resource Files</Filter>
    </FxCompile>
    <FxCompile Include="Skybox.fx">
      <Filter>Resource Files</Filter>
    </FxCompile>
    <FxCompile Include="Building.fx">
      <Filter>Resource Files</Filter>
    </FxCompile>
    <FxCompile Include="Tree.fx">
      <Filter>Resource Files</Filter>
    </FxCompile>
    <FxCompile Include="Platform.fx">
      <Filter>Resource Files</Filter>
    </FxCompile>
    <FxCompile Include="Platform_bump.fx">
      <Filter>Resource Files</Filter>
    </FxCompile>
    <FxCompile Include="Platform_pOcclusion.fx">
      <Filter>Resource Files</Filter>
    </FxCompile>
    <FxCompile Include="RainParticle.fx">
      <Filter>Resource Files</Filter>
    </FxCompile>
  </ItemGroup>
  <ItemGroup>
    <ResourceCompile Include="Simulation.rc" />
  </ItemGroup>
  <ItemGroup>
    <Image Include="Simulation.ico">
      <Filter>Resource Files</Filter>
    </Image>
  </ItemGroup>
</Project>